{
  "name": "@pyrlyn/rtok-brand",
  "version": "0.1.0",
  "lockfileVersion": 3,
  "requires": true,
  "packages": {
    "": {
      "name": "@pyrlyn/rtok-brand",
      "version": "0.1.0",
      "license": "SEE LICENSE IN README.md",
      "dependencies": {
        "@pyrlyn/brand": "github:pyrlyn/brand#v0.3.0"
      },
      "engines": {
        "node": ">=18"
      }
    },
    "node_modules/@pyrlyn/brand": {
      "version": "0.3.0",
      "resolved": "git+ssh://git@github.com/pyrlyn/brand.git#b42ec5be6bbff3486d4bdf485c5684b013b11fe9",
      "license": "SEE LICENSE IN README.md",
      "bin": {
        "pyrlyn-brand-copy": "bin/pyrlyn-brand-copy.mjs"
      },
      "engines": {
        "node": ">=18"
      }
    }
  }
}
